
Microsoft Visual Studio Solution File, Format Version 12.00
# Visual Studio Version 17
VisualStudioVersion = 17.9.34607.119
MinimumVisualStudioVersion = 10.0.40219.1
Project("{9A19103F-16F7-4668-BE54-9A1E7A4F7556}") = "Travelblog.Api", "Travelblog.Api\Travelblog.Api.csproj", "{67869C66-D085-43AA-901D-D4B50D2E7BB2}"
EndProject
Project("{9A19103F-16F7-4668-BE54-9A1E7A4F7556}") = "Travelblog.Core", "Travelblog.Core\Travelblog.Core.csproj", "{A67D0A79-B1E9-428E-A50A-66D79BAC5D7F}"
EndProject
Project("{9A19103F-16F7-4668-BE54-9A1E7A4F7556}") = "Travelblog.Dal", "Travelblog.Dal\Travelblog.Dal.csproj", "{22016881-57E4-4C1E-B5F7-C685F26C96AC}"
EndProject
Project("{9A19103F-16F7-4668-BE54-9A1E7A4F7556}") = "Travelblog.Unittest", "Travelblog.Unittest\Travelblog.Unittest.csproj", "{7A7A774D-D86C-4117-94E4-F5A6C32906F6}"
EndProject
Project("{2150E333-8FDC-42A3-9474-1A3956D46DE8}") = "Solution Items", "Solution Items", "{DA0B34BE-1BFD-473C-8C1B-5F35E2BA4BBC}"
	ProjectSection(SolutionItems) = preProject
		Dockerfile = Dockerfile
	EndProjectSection
EndProject
Global
	GlobalSection(SolutionConfigurationPlatforms) = preSolution
		Debug|Any CPU = Debug|Any CPU
		Release|Any CPU = Release|Any CPU
	EndGlobalSection
	GlobalSection(ProjectConfigurationPlatforms) = postSolution
		{67869C66-D085-43AA-901D-D4B50D2E7BB2}.Debug|Any CPU.ActiveCfg = Debug|Any CPU
		{67869C66-D085-43AA-901D-D4B50D2E7BB2}.Debug|Any CPU.Build.0 = Debug|Any CPU
		{67869C66-D085-43AA-901D-D4B50D2E7BB2}.Release|Any CPU.ActiveCfg = Release|Any CPU
		{67869C66-D085-43AA-901D-D4B50D2E7BB2}.Release|Any CPU.Build.0 = Release|Any CPU
		{A67D0A79-B1E9-428E-A50A-66D79BAC5D7F}.Debug|Any CPU.ActiveCfg = Debug|Any CPU
		{A67D0A79-B1E9-428E-A50A-66D79BAC5D7F}.Debug|Any CPU.Build.0 = Debug|Any CPU
		{A67D0A79-B1E9-428E-A50A-66D79BAC5D7F}.Release|Any CPU.ActiveCfg = Release|Any CPU
		{A67D0A79-B1E9-428E-A50A-66D79BAC5D7F}.Release|Any CPU.Build.0 = Release|Any CPU
		{22016881-57E4-4C1E-B5F7-C685F26C96AC}.Debug|Any CPU.ActiveCfg = Debug|Any CPU
		{22016881-57E4-4C1E-B5F7-C685F26C96AC}.Debug|Any CPU.Build.0 = Debug|Any CPU
		{22016881-57E4-4C1E-B5F7-C685F26C96AC}.Release|Any CPU.ActiveCfg = Release|Any CPU
		{22016881-57E4-4C1E-B5F7-C685F26C96AC}.Release|Any CPU.Build.0 = Release|Any CPU
		{7A7A774D-D86C-4117-94E4-F5A6C32906F6}.Debug|Any CPU.ActiveCfg = Debug|Any CPU
		{7A7A774D-D86C-4117-94E4-F5A6C32906F6}.Debug|Any CPU.Build.0 = Debug|Any CPU
		{7A7A774D-D86C-4117-94E4-F5A6C32906F6}.Release|Any CPU.ActiveCfg = Release|Any CPU
		{7A7A774D-D86C-4117-94E4-F5A6C32906F6}.Release|Any CPU.Build.0 = Release|Any CPU
	EndGlobalSection
	GlobalSection(SolutionProperties) = preSolution
		HideSolutionNode = FALSE
	EndGlobalSection
	GlobalSection(ExtensibilityGlobals) = postSolution
		SolutionGuid = {876A3BAA-8112-42D5-B657-4A9CA3560C9A}
	EndGlobalSection
EndGlobal
